
Microsoft Visual Studio Solution File, Format Version 12.00
# Visual Studio Version 17
VisualStudioVersion = 17.12.35707.178
MinimumVisualStudioVersion = 10.0.40219.1
Project("{9A19103F-16F7-4668-BE54-9A1E7A4F7556}") = "Lagerverwaltung", "Lagerverwaltung\Lagerverwaltung.csproj", "{78D11032-ED9E-4630-A375-D21E400B5F08}"
EndProject
Global
	GlobalSection(SolutionConfigurationPlatforms) = preSolution
		Debug|Any CPU = Debug|Any CPU
		Release|Any CPU = Release|Any CPU
	EndGlobalSection
	GlobalSection(ProjectConfigurationPlatforms) = postSolution
		{78D11032-ED9E-4630-A375-D21E400B5F08}.Debug|Any CPU.ActiveCfg = Debug|Any CPU
		{78D11032-ED9E-4630-A375-D21E400B5F08}.Debug|Any CPU.Build.0 = Debug|Any CPU
		{78D11032-ED9E-4630-A375-D21E400B5F08}.Release|Any CPU.ActiveCfg = Release|Any CPU
		{78D11032-ED9E-4630-A375-D21E400B5F08}.Release|Any CPU.Build.0 = Release|Any CPU
	EndGlobalSection
	GlobalSection(SolutionProperties) = preSolution
		HideSolutionNode = FALSE
	EndGlobalSection
	GlobalSection(ExtensibilityGlobals) = postSolution
		SolutionGuid = {8A162E00-8658-46E2-854A-21985F662BB6}
	EndGlobalSection
EndGlobal
